
Microsoft Visual Studio Solution File, Format Version 9.00
# Visual Studio 2005
Project("{FAE04EC0-301F-11D3-BF4B-00C04F79EFBC}") = "医学图像处理系统", "医学图像处理系统\医学图像处理系统.csproj", "{14E978B6-74FC-453A-9700-DE2D6077480A}"
EndProject
Global
	GlobalSection(SolutionConfigurationPlatforms) = preSolution
		Debug|Any CPU = Debug|Any CPU
		Release|Any CPU = Release|Any CPU
	EndGlobalSection
	GlobalSection(ProjectConfigurationPlatforms) = postSolution
		{14E978B6-74FC-453A-9700-DE2D6077480A}.Debug|Any CPU.ActiveCfg = Debug|Any CPU
		{14E978B6-74FC-453A-9700-DE2D6077480A}.Debug|Any CPU.Build.0 = Debug|Any CPU
		{14E978B6-74FC-453A-9700-DE2D6077480A}.Release|Any CPU.ActiveCfg = Release|Any CPU
		{14E978B6-74FC-453A-9700-DE2D6077480A}.Release|Any CPU.Build.0 = Release|Any CPU
	EndGlobalSection
	GlobalSection(SolutionProperties) = preSolution
		HideSolutionNode = FALSE
	EndGlobalSection
EndGlobal
